// !$*UTF8*$!
{
	archiveVersion = 1;
	classes = {
	};
	objectVersion = 50;
	objects = {

/* Begin PBXBuildFile section */
		5D5C657622B80F5B0023FA76 /* Icons.xcassets in Resources */ = {isa = PBXBuildFile; fileRef = 5D5C657522B80F5B0023FA76 /* Icons.xcassets */; };
		5DCF270722B7EAC300C43150 /* PomodoroController.swift in Sources */ = {isa = PBXBuildFile; fileRef = 5DCF270622B7EAC300C43150 /* PomodoroController.swift */; };
		8A0AD2BB240BBD3300C0C937 /* TouchButton.swift in Sources */ = {isa = PBXBuildFile; fileRef = 8A0AD2BA240BBD3300C0C937 /* TouchButton.swift */; };
		8A112DDA2099E8AE00DDBDD0 /* AppDelegate.swift in Sources */ = {isa = PBXBuildFile; fileRef = 8A112DD92099E8AE00DDBDD0 /* AppDelegate.swift */; };
		8A112E0A2099FB8000DDBDD0 /* DFRFoundation.framework in Frameworks */ = {isa = PBXBuildFile; fileRef = 8A112E092099FB8000DDBDD0 /* DFRFoundation.framework */; };
		8A18297E23FE58E8001DD016 /* main.swift in Sources */ = {isa = PBXBuildFile; fileRef = 8A18297D23FE58E8001DD016 /* main.swift */; };
		8A32533D25C2E1420058A7F1 /* FeedbackNotifier.swift in Sources */ = {isa = PBXBuildFile; fileRef = 8A32533C25C2E1420058A7F1 /* FeedbackNotifier.swift */; };
		8A408B5C25C08622008E6DAC /* Tink.aiff in Resources */ = {isa = PBXBuildFile; fileRef = 8A408B5925C08622008E6DAC /* Tink.aiff */; };
		8A408B5D25C08622008E6DAC /* Morse.aiff in Resources */ = {isa = PBXBuildFile; fileRef = 8A408B5A25C08622008E6DAC /* Morse.aiff */; };
		8A408B5E25C08622008E6DAC /* Pop.aiff in Resources */ = {isa = PBXBuildFile; fileRef = 8A408B5B25C08622008E6DAC /* Pop.aiff */; };
		8AFB4C1B25C2A8C6002521AC /* PomodoroTimer.swift in Sources */ = {isa = PBXBuildFile; fileRef = 8AFB4C1A25C2A8C6002521AC /* PomodoroTimer.swift */; };
/* End PBXBuildFile section */

/* Begin PBXFileReference section */
		5D5C657522B80F5B0023FA76 /* Icons.xcassets */ = {isa = PBXFileReference; lastKnownFileType = folder.assetcatalog; path = Icons.xcassets; sourceTree = "<group>"; };
		5DCF270622B7EAC300C43150 /* PomodoroController.swift */ = {isa = PBXFileReference; lastKnownFileType = sourcecode.swift; path = PomodoroController.swift; sourceTree = "<group>"; };
		8A0AD2BA240BBD3300C0C937 /* TouchButton.swift */ = {isa = PBXFileReference; lastKnownFileType = sourcecode.swift; path = TouchButton.swift; sourceTree = "<group>"; };
		8A112DD62099E8AE00DDBDD0 /* Focus Timer.app */ = {isa = PBXFileReference; explicitFileType = wrapper.application; includeInIndex = 0; path = "Focus Timer.app"; sourceTree = BUILT_PRODUCTS_DIR; };
		8A112DD92099E8AE00DDBDD0 /* AppDelegate.swift */ = {isa = PBXFileReference; lastKnownFileType = sourcecode.swift; path = AppDelegate.swift; sourceTree = "<group>"; };
		8A112DE22099E8B100DDBDD0 /* Info.plist */ = {isa = PBXFileReference; lastKnownFileType = text.plist.xml; path = Info.plist; sourceTree = "<group>"; };
		8A112DE32099E8B100DDBDD0 /* Entitlements.entitlements */ = {isa = PBXFileReference; lastKnownFileType = text.plist.entitlements; path = Entitlements.entitlements; sourceTree = "<group>"; };
		8A112E052099F8A000DDBDD0 /* TouchBarPrivateAPI.h */ = {isa = PBXFileReference; lastKnownFileType = sourcecode.c.h; path = TouchBarPrivateAPI.h; sourceTree = "<group>"; };
		8A112E092099FB8000DDBDD0 /* DFRFoundation.framework */ = {isa = PBXFileReference; lastKnownFileType = wrapper.framework; name = DFRFoundation.framework; path = ../../../../System/Library/PrivateFrameworks/DFRFoundation.framework; sourceTree = "<group>"; };
		8A18297D23FE58E8001DD016 /* main.swift */ = {isa = PBXFileReference; lastKnownFileType = sourcecode.swift; path = main.swift; sourceTree = "<group>"; };
		8A32533C25C2E1420058A7F1 /* FeedbackNotifier.swift */ = {isa = PBXFileReference; lastKnownFileType = sourcecode.swift; path = FeedbackNotifier.swift; sourceTree = "<group>"; };
		8A408B5925C08622008E6DAC /* Tink.aiff */ = {isa = PBXFileReference; lastKnownFileType = audio.aiff; path = Tink.aiff; sourceTree = "<group>"; };
		8A408B5A25C08622008E6DAC /* Morse.aiff */ = {isa = PBXFileReference; lastKnownFileType = audio.aiff; path = Morse.aiff; sourceTree = "<group>"; };
		8A408B5B25C08622008E6DAC /* Pop.aiff */ = {isa = PBXFileReference; lastKnownFileType = audio.aiff; path = Pop.aiff; sourceTree = "<group>"; };
		8AFB4C1A25C2A8C6002521AC /* PomodoroTimer.swift */ = {isa = PBXFileReference; lastKnownFileType = sourcecode.swift; path = PomodoroTimer.swift; sourceTree = "<group>"; };
/* End PBXFileReference section */

/* Begin PBXFrameworksBuildPhase section */
		8A112DD32099E8AE00DDBDD0 /* Frameworks */ = {
			isa = PBXFrameworksBuildPhase;
			buildActionMask = 2147483647;
			files = (
				8A112E0A2099FB8000DDBDD0 /* DFRFoundation.framework in Frameworks */,
			);
			runOnlyForDeploymentPostprocessing = 0;
		};
/* End PBXFrameworksBuildPhase section */

/* Begin PBXGroup section */
		5DCF270222B7E93600C43150 /* System */ = {
			isa = PBXGroup;
			children = (
				8A112DE32099E8B100DDBDD0 /* Entitlements.entitlements */,
				5D5C657522B80F5B0023FA76 /* Icons.xcassets */,
				8A112DE22099E8B100DDBDD0 /* Info.plist */,
			);
			path = System;
			sourceTree = "<group>";
		};
		8A112DCD2099E8AE00DDBDD0 = {
			isa = PBXGroup;
			children = (
				8A112DD82099E8AE00DDBDD0 /* FocusTimer */,
				8A112DD72099E8AE00DDBDD0 /* Products */,
				8A112E082099FB7F00DDBDD0 /* Frameworks */,
			);
			sourceTree = "<group>";
		};
		8A112DD72099E8AE00DDBDD0 /* Products */ = {
			isa = PBXGroup;
			children = (
				8A112DD62099E8AE00DDBDD0 /* Focus Timer.app */,
			);
			name = Products;
			sourceTree = "<group>";
		};
		8A112DD82099E8AE00DDBDD0 /* FocusTimer */ = {
			isa = PBXGroup;
			children = (
				8A408B5825C08613008E6DAC /* Sounds */,
				5DCF270222B7E93600C43150 /* System */,
				8A112DD92099E8AE00DDBDD0 /* AppDelegate.swift */,
				8A32533C25C2E1420058A7F1 /* FeedbackNotifier.swift */,
				8A18297D23FE58E8001DD016 /* main.swift */,
				5DCF270622B7EAC300C43150 /* PomodoroController.swift */,
				8AFB4C1A25C2A8C6002521AC /* PomodoroTimer.swift */,
				8A112E052099F8A000DDBDD0 /* TouchBarPrivateAPI.h */,
				8A0AD2BA240BBD3300C0C937 /* TouchButton.swift */,
			);
			path = FocusTimer;
			sourceTree = "<group>";
		};
		8A112E082099FB7F00DDBDD0 /* Frameworks */ = {
			isa = PBXGroup;
			children = (
				8A112E092099FB8000DDBDD0 /* DFRFoundation.framework */,
			);
			name = Frameworks;
			sourceTree = "<group>";
		};
		8A408B5825C08613008E6DAC /* Sounds */ = {
			isa = PBXGroup;
			children = (
				8A408B5A25C08622008E6DAC /* Morse.aiff */,
				8A408B5B25C08622008E6DAC /* Pop.aiff */,
				8A408B5925C08622008E6DAC /* Tink.aiff */,
			);
			path = Sounds;
			sourceTree = "<group>";
		};
/* End PBXGroup section */

/* Begin PBXNativeTarget section */
		8A112DD52099E8AE00DDBDD0 /* macOS Application */ = {
			isa = PBXNativeTarget;
			buildConfigurationList = 8A112DE62099E8B100DDBDD0 /* Build configuration list for PBXNativeTarget "macOS Application" */;
			buildPhases = (
				8A112DD22099E8AE00DDBDD0 /* Sources */,
				8A112DD32099E8AE00DDBDD0 /* Frameworks */,
				8A112DD42099E8AE00DDBDD0 /* Resources */,
			);
			buildRules = (
			);
			dependencies = (
			);
			name = "macOS Application";
			productName = "Tomato Bar";
			productReference = 8A112DD62099E8AE00DDBDD0 /* Focus Timer.app */;
			productType = "com.apple.product-type.application";
		};
/* End PBXNativeTarget section */

/* Begin PBXProject section */
		8A112DCE2099E8AE00DDBDD0 /* Project object */ = {
			isa = PBXProject;
			attributes = {
				LastSwiftUpdateCheck = 0930;
				LastUpgradeCheck = 0930;
				ORGANIZATIONNAME = "Alexey Oshevnev";
				TargetAttributes = {
					8A112DD52099E8AE00DDBDD0 = {
						CreatedOnToolsVersion = 9.3;
						SystemCapabilities = {
							com.apple.Sandbox = {
								enabled = 1;
							};
						};
					};
				};
			};
			buildConfigurationList = 8A112DD12099E8AE00DDBDD0 /* Build configuration list for PBXProject "FocusTimer" */;
			compatibilityVersion = "Xcode 9.3";
			developmentRegion = en;
			hasScannedForEncodings = 0;
			knownRegions = (
				en,
				Base,
			);
			mainGroup = 8A112DCD2099E8AE00DDBDD0;
			productRefGroup = 8A112DD72099E8AE00DDBDD0 /* Products */;
			projectDirPath = "";
			projectRoot = "";
			targets = (
				8A112DD52099E8AE00DDBDD0 /* macOS Application */,
			);
		};
/* End PBXProject section */

/* Begin PBXResourcesBuildPhase section */
		8A112DD42099E8AE00DDBDD0 /* Resources */ = {
			isa = PBXResourcesBuildPhase;
			buildActionMask = 2147483647;
			files = (
				8A408B5D25C08622008E6DAC /* Morse.aiff in Resources */,
				8A408B5C25C08622008E6DAC /* Tink.aiff in Resources */,
				8A408B5E25C08622008E6DAC /* Pop.aiff in Resources */,
				5D5C657622B80F5B0023FA76 /* Icons.xcassets in Resources */,
			);
			runOnlyForDeploymentPostprocessing = 0;
		};
/* End PBXResourcesBuildPhase section */

/* Begin PBXSourcesBuildPhase section */
		8A112DD22099E8AE00DDBDD0 /* Sources */ = {
			isa = PBXSourcesBuildPhase;
			buildActionMask = 2147483647;
			files = (
				8A32533D25C2E1420058A7F1 /* FeedbackNotifier.swift in Sources */,
				5DCF270722B7EAC300C43150 /* PomodoroController.swift in Sources */,
				8A112DDA2099E8AE00DDBDD0 /* AppDelegate.swift in Sources */,
				8A18297E23FE58E8001DD016 /* main.swift in Sources */,
				8A0AD2BB240BBD3300C0C937 /* TouchButton.swift in Sources */,
				8AFB4C1B25C2A8C6002521AC /* PomodoroTimer.swift in Sources */,
			);
			runOnlyForDeploymentPostprocessing = 0;
		};
/* End PBXSourcesBuildPhase section */

/* Begin XCBuildConfiguration section */
		8A112DE42099E8B100DDBDD0 /* Debug */ = {
			isa = XCBuildConfiguration;
			buildSettings = {
				ALWAYS_SEARCH_USER_PATHS = NO;
				CLANG_ANALYZER_NONNULL = YES;
				CLANG_ANALYZER_NUMBER_OBJECT_CONVERSION = YES_AGGRESSIVE;
				CLANG_CXX_LANGUAGE_STANDARD = "gnu++14";
				CLANG_CXX_LIBRARY = "libc++";
				CLANG_ENABLE_MODULES = YES;
				CLANG_ENABLE_OBJC_ARC = YES;
				CLANG_ENABLE_OBJC_WEAK = YES;
				CLANG_WARN_BLOCK_CAPTURE_AUTORELEASING = YES;
				CLANG_WARN_BOOL_CONVERSION = YES;
				CLANG_WARN_COMMA = YES;
				CLANG_WARN_CONSTANT_CONVERSION = YES;
				CLANG_WARN_DEPRECATED_OBJC_IMPLEMENTATIONS = YES;
				CLANG_WARN_DIRECT_OBJC_ISA_USAGE = YES_ERROR;
				CLANG_WARN_DOCUMENTATION_COMMENTS = YES;
				CLANG_WARN_EMPTY_BODY = YES;
				CLANG_WARN_ENUM_CONVERSION = YES;
				CLANG_WARN_INFINITE_RECURSION = YES;
				CLANG_WARN_INT_CONVERSION = YES;
				CLANG_WARN_NON_LITERAL_NULL_CONVERSION = YES;
				CLANG_WARN_OBJC_IMPLICIT_RETAIN_SELF = YES;
				CLANG_WARN_OBJC_LITERAL_CONVERSION = YES;
				CLANG_WARN_OBJC_ROOT_CLASS = YES_ERROR;
				CLANG_WARN_RANGE_LOOP_ANALYSIS = YES;
				CLANG_WARN_STRICT_PROTOTYPES = YES;
				CLANG_WARN_SUSPICIOUS_MOVE = YES;
				CLANG_WARN_UNGUARDED_AVAILABILITY = YES_AGGRESSIVE;
				CLANG_WARN_UNREACHABLE_CODE = YES;
				CLANG_WARN__DUPLICATE_METHOD_MATCH = YES;
				CODE_SIGN_IDENTITY = "Mac Developer";
				COPY_PHASE_STRIP = NO;
				DEBUG_INFORMATION_FORMAT = dwarf;
				ENABLE_STRICT_OBJC_MSGSEND = YES;
				ENABLE_TESTABILITY = YES;
				GCC_C_LANGUAGE_STANDARD = gnu11;
				GCC_DYNAMIC_NO_PIC = NO;
				GCC_NO_COMMON_BLOCKS = YES;
				GCC_OPTIMIZATION_LEVEL = 0;
				GCC_PREPROCESSOR_DEFINITIONS = (
					"DEBUG=1",
					"$(inherited)",
				);
				GCC_WARN_64_TO_32_BIT_CONVERSION = YES;
				GCC_WARN_ABOUT_RETURN_TYPE = YES_ERROR;
				GCC_WARN_UNDECLARED_SELECTOR = YES;
				GCC_WARN_UNINITIALIZED_AUTOS = YES_AGGRESSIVE;
				GCC_WARN_UNUSED_FUNCTION = YES;
				GCC_WARN_UNUSED_VARIABLE = YES;
				MACOSX_DEPLOYMENT_TARGET = 10.13;
				MTL_ENABLE_DEBUG_INFO = YES;
				ONLY_ACTIVE_ARCH = YES;
				SDKROOT = macosx;
				SWIFT_ACTIVE_COMPILATION_CONDITIONS = DEBUG;
				SWIFT_OPTIMIZATION_LEVEL = "-Onone";
			};
			name = Debug;
		};
		8A112DE52099E8B100DDBDD0 /* Release */ = {
			isa = XCBuildConfiguration;
			buildSettings = {
				ALWAYS_SEARCH_USER_PATHS = NO;
				CLANG_ANALYZER_NONNULL = YES;
				CLANG_ANALYZER_NUMBER_OBJECT_CONVERSION = YES_AGGRESSIVE;
				CLANG_CXX_LANGUAGE_STANDARD = "gnu++14";
				CLANG_CXX_LIBRARY = "libc++";
				CLANG_ENABLE_MODULES = YES;
				CLANG_ENABLE_OBJC_ARC = YES;
				CLANG_ENABLE_OBJC_WEAK = YES;
				CLANG_WARN_BLOCK_CAPTURE_AUTORELEASING = YES;
				CLANG_WARN_BOOL_CONVERSION = YES;
				CLANG_WARN_COMMA = YES;
				CLANG_WARN_CONSTANT_CONVERSION = YES;
				CLANG_WARN_DEPRECATED_OBJC_IMPLEMENTATIONS = YES;
				CLANG_WARN_DIRECT_OBJC_ISA_USAGE = YES_ERROR;
				CLANG_WARN_DOCUMENTATION_COMMENTS = YES;
				CLANG_WARN_EMPTY_BODY = YES;
				CLANG_WARN_ENUM_CONVERSION = YES;
				CLANG_WARN_INFINITE_RECURSION = YES;
				CLANG_WARN_INT_CONVERSION = YES;
				CLANG_WARN_NON_LITERAL_NULL_CONVERSION = YES;
				CLANG_WARN_OBJC_IMPLICIT_RETAIN_SELF = YES;
				CLANG_WARN_OBJC_LITERAL_CONVERSION = YES;
				CLANG_WARN_OBJC_ROOT_CLASS = YES_ERROR;
				CLANG_WARN_RANGE_LOOP_ANALYSIS = YES;
				CLANG_WARN_STRICT_PROTOTYPES = YES;
				CLANG_WARN_SUSPICIOUS_MOVE = YES;
				CLANG_WARN_UNGUARDED_AVAILABILITY = YES_AGGRESSIVE;
				CLANG_WARN_UNREACHABLE_CODE = YES;
				CLANG_WARN__DUPLICATE_METHOD_MATCH = YES;
				CODE_SIGN_IDENTITY = "Mac Developer";
				COPY_PHASE_STRIP = NO;
				DEBUG_INFORMATION_FORMAT = "dwarf-with-dsym";
				ENABLE_NS_ASSERTIONS = NO;
				ENABLE_STRICT_OBJC_MSGSEND = YES;
				GCC_C_LANGUAGE_STANDARD = gnu11;
				GCC_NO_COMMON_BLOCKS = YES;
				GCC_WARN_64_TO_32_BIT_CONVERSION = YES;
				GCC_WARN_ABOUT_RETURN_TYPE = YES_ERROR;
				GCC_WARN_UNDECLARED_SELECTOR = YES;
				GCC_WARN_UNINITIALIZED_AUTOS = YES_AGGRESSIVE;
				GCC_WARN_UNUSED_FUNCTION = YES;
				GCC_WARN_UNUSED_VARIABLE = YES;
				MACOSX_DEPLOYMENT_TARGET = 10.13;
				MTL_ENABLE_DEBUG_INFO = NO;
				SDKROOT = macosx;
				SWIFT_COMPILATION_MODE = wholemodule;
				SWIFT_OPTIMIZATION_LEVEL = "-O";
			};
			name = Release;
		};
		8A112DE72099E8B100DDBDD0 /* Debug */ = {
			isa = XCBuildConfiguration;
			buildSettings = {
				ASSETCATALOG_COMPILER_APPICON_NAME = AppIcon;
				CODE_SIGN_ENTITLEMENTS = FocusTimer/System/Entitlements.entitlements;
				CODE_SIGN_IDENTITY = "-";
				CODE_SIGN_STYLE = Automatic;
				COMBINE_HIDPI_IMAGES = YES;
				CURRENT_PROJECT_VERSION = 7;
				DEVELOPMENT_TEAM = "";
				INFOPLIST_FILE = FocusTimer/System/Info.plist;
				LD_RUNPATH_SEARCH_PATHS = (
					"$(inherited)",
					"@executable_path/../Frameworks",
				);
				MACOSX_DEPLOYMENT_TARGET = 10.14.4;
				MARKETING_VERSION = 1.2.1;
				PRODUCT_BUNDLE_IDENTIFIER = com.aloshev.focustimer;
				PRODUCT_NAME = "Focus Timer";
				SWIFT_OBJC_BRIDGING_HEADER = FocusTimer/TouchBarPrivateAPI.h;
				SWIFT_VERSION = 4.0;
				SYSTEM_FRAMEWORK_SEARCH_PATHS = (
					"$(inherited)",
					"$(SYSTEM_LIBRARY_DIR)/PrivateFrameworks",
				);
			};
			name = Debug;
		};
		8A112DE82099E8B100DDBDD0 /* Release */ = {
			isa = XCBuildConfiguration;
			buildSettings = {
				ASSETCATALOG_COMPILER_APPICON_NAME = AppIcon;
				CODE_SIGN_ENTITLEMENTS = FocusTimer/System/Entitlements.entitlements;
				CODE_SIGN_IDENTITY = "-";
				CODE_SIGN_STYLE = Automatic;
				COMBINE_HIDPI_IMAGES = YES;
				CURRENT_PROJECT_VERSION = 7;
				DEVELOPMENT_TEAM = "";
				INFOPLIST_FILE = FocusTimer/System/Info.plist;
				LD_RUNPATH_SEARCH_PATHS = (
					"$(inherited)",
					"@executable_path/../Frameworks",
				);
				MACOSX_DEPLOYMENT_TARGET = 10.14.4;
				MARKETING_VERSION = 1.2.1;
				PRODUCT_BUNDLE_IDENTIFIER = com.aloshev.focustimer;
				PRODUCT_NAME = "Focus Timer";
				SWIFT_OBJC_BRIDGING_HEADER = FocusTimer/TouchBarPrivateAPI.h;
				SWIFT_VERSION = 4.0;
				SYSTEM_FRAMEWORK_SEARCH_PATHS = (
					"$(inherited)",
					"$(SYSTEM_LIBRARY_DIR)/PrivateFrameworks",
				);
			};
			name = Release;
		};
/* End XCBuildConfiguration section */

/* Begin XCConfigurationList section */
		8A112DD12099E8AE00DDBDD0 /* Build configuration list for PBXProject "FocusTimer" */ = {
			isa = XCConfigurationList;
			buildConfigurations = (
				8A112DE42099E8B100DDBDD0 /* Debug */,
				8A112DE52099E8B100DDBDD0 /* Release */,
			);
			defaultConfigurationIsVisible = 0;
			defaultConfigurationName = Release;
		};
		8A112DE62099E8B100DDBDD0 /* Build configuration list for PBXNativeTarget "macOS Application" */ = {
			isa = XCConfigurationList;
			buildConfigurations = (
				8A112DE72099E8B100DDBDD0 /* Debug */,
				8A112DE82099E8B100DDBDD0 /* Release */,
			);
			defaultConfigurationIsVisible = 0;
			defaultConfigurationName = Release;
		};
/* End XCConfigurationList section */
	};
	rootObject = 8A112DCE2099E8AE00DDBDD0 /* Project object */;
}
